<?xml version="1.0" encoding="utf-8"?>
<Project ToolsVersion="4.0" xmlns="http://schemas.microsoft.com/developer/msbuild/2003">
  <ItemGroup>
    <FxCompile Include="project\gamedata\resources\shaders\CopyImage.PS.hlsl" />
    <FxCompile Include="project\gamedata\resources\shaders\CopyImage.VS.hlsl" />
    <FxCompile Include="project\gamedata\resources\shaders\Grayscale.PS.hlsl" />
    <FxCompile Include="project\gamedata\resources\shaders\Object2d.PS.hlsl" />
    <FxCompile Include="project\gamedata\resources\shaders\Object2d.VS.hlsl" />
    <FxCompile Include="project\gamedata\resources\shaders\Object3d.PS.hlsl" />
    <FxCompile Include="project\gamedata\resources\shaders\Object3d.VS.hlsl" />
    <FxCompile Include="project\gamedata\resources\shaders\Particle.PS.hlsl" />
    <FxCompile Include="project\gamedata\resources\shaders\Particle.VS.hlsl" />
    <FxCompile Include="project\gamedata\resources\shaders\SkinningObject3d.PS.hlsl" />
    <FxCompile Include="project\gamedata\resources\shaders\SkinningObject3d.VS.hlsl" />
    <FxCompile Include="project\gamedata\resources\shaders\VAT.PS.hlsl" />
    <FxCompile Include="project\gamedata\resources\shaders\VAT.VS.hlsl" />
    <FxCompile Include="project\gamedata\resources\shaders\Vignette.PS.hlsl" />
  </ItemGroup>
  <ItemGroup>
    <ClCompile Include="base\components\2d\CreateParticle.cpp" />
    <ClCompile Include="base\components\3d\CreateLine.cpp" />
    <ClCompile Include="base\components\3d\ViewProjection.cpp" />
    <ClCompile Include="base\components\3d\WorldTransform.cpp" />
    <ClCompile Include="base\components\audio\Audio.cpp" />
    <ClCompile Include="base\components\manager\ImGuiManager\ImGuiManager.cpp" />
    <ClCompile Include="base\components\manager\PSOManager\PSOManager.cpp" />
    <ClCompile Include="base\components\manager\RTVManager\RTVManager.cpp" />
    <ClCompile Include="base\components\manager\SRVManager\SRVManager.cpp" />
    <ClCompile Include="base\components\manager\TextureManager\TextureManager.cpp" />
    <ClCompile Include="base\components\pipelineState\Grayscale\Grayscale.cpp" />
    <ClCompile Include="base\components\pipelineState\Particle\Particle.cpp" />
    <ClCompile Include="base\components\pipelineState\PostProcess\PostProcess.cpp" />
    <ClCompile Include="base\components\pipelineState\Skinning\Skinning.cpp" />
    <ClCompile Include="base\components\pipelineState\VAT\VAT.cpp" />
    <ClCompile Include="base\components\pipelineState\Standard2D\Standard2D.cpp" />
    <ClCompile Include="base\components\pipelineState\Standard3D\Standard3D.cpp" />
    <ClCompile Include="base\components\pipelineState\Vignette\Vignette.cpp" />
    <ClCompile Include="base\components\postEffect\PostEffect.cpp" />
    <ClCompile Include="base\components\renderer\Renderer.cpp" />
    <ClCompile Include="base\components\shaderCompiler\ShaderCompiler.cpp" />
    <ClCompile Include="base\components\utilities\convertString\ConvertString.cpp" />
    <ClCompile Include="base\components\utilities\directionalLight\DirectionalLight.cpp" />
    <ClCompile Include="base\components\utilities\followCamera\FollowCamera.cpp" />
    <ClCompile Include="base\components\utilities\pointLight\PointLight.cpp" />
    <ClCompile Include="base\DirectXCommon.cpp" />
    <ClCompile Include="base\components\2d\CreateTriangle.cpp" />
    <ClCompile Include="base\components\3d\CreateSphere.cpp" />
    <ClCompile Include="base\components\2d\CreateSprite.cpp" />
    <ClCompile Include="base\components\3d\Model.cpp" />
    <ClCompile Include="base\components\debugCamera\DebugCamera.cpp" />
    <ClCompile Include="externals\imgui\imgui.cpp" />
    <ClCompile Include="externals\imgui\imgui_demo.cpp" />
    <ClCompile Include="externals\imgui\imgui_draw.cpp" />
    <ClCompile Include="externals\imgui\imgui_impl_dx12.cpp" />
    <ClCompile Include="externals\imgui\imgui_impl_win32.cpp" />
    <ClCompile Include="externals\imgui\imgui_tables.cpp" />
    <ClCompile Include="externals\imgui\imgui_widgets.cpp" />
    <ClCompile Include="base\components\input\Input.cpp" />
    <ClCompile Include="main.cpp" />
    <ClCompile Include="base\components\math\MathCalculation.cpp" />
    <ClCompile Include="base\CJEngine.cpp" />
    <ClCompile Include="base\WinApp.cpp" />
    <ClCompile Include="project\gamedata\baseCharacter\BaseCharacter.cpp" />
    <ClCompile Include="project\gamedata\baseCharacter\enemy\Enemy.cpp" />
    <ClCompile Include="project\gamedata\baseCharacter\player\Player.cpp" />
    <ClCompile Include="project\gamedata\ground\Ground.cpp" />
    <ClCompile Include="project\gamedata\scenes\GameClearScene.cpp" />
    <ClCompile Include="project\gamedata\scenes\GameOverScene.cpp" />
    <ClCompile Include="project\gamedata\scenes\GameDemoScene.cpp" />
    <ClCompile Include="project\gamedata\scenes\GamePlayScene.cpp" />
    <ClCompile Include="project\gamedata\scenes\GameTitleScene.cpp" />
    <ClCompile Include="base\components\manager\SceneManager\SceneManager.cpp" />
    <ClCompile Include="base\components\utilities\collisionManager\CollisionManager.cpp" />
    <ClCompile Include="base\components\utilities\globalVariables\GlobalVariables.cpp" />
  </ItemGroup>
  <ItemGroup>
    <ClInclude Include="base\components\2d\CreateParticle.h" />
    <ClInclude Include="base\components\3d\CreateLine.h" />
    <ClInclude Include="base\components\3d\ViewProjection.h" />
    <ClInclude Include="base\components\3d\WorldTransform.h" />
    <ClInclude Include="base\components\audio\Audio.h" />
    <ClInclude Include="base\components\manager\ImGuiManager\ImGuiManager.h" />
    <ClInclude Include="base\components\manager\PSOManager\PSOManager.h" />
    <ClInclude Include="base\components\manager\RTVManager\RTVManager.h" />
    <ClInclude Include="base\components\manager\SRVManager\SRVManager.h" />
    <ClInclude Include="base\components\manager\TextureManager\TextureManager.h" />
    <ClInclude Include="base\components\pipelineState\Grayscale\Grayscale.h" />
    <ClInclude Include="base\components\math\Structure.h" />
    <ClInclude Include="base\components\pipelineState\IPipeLineStateObject.h" />
    <ClInclude Include="base\components\pipelineState\Particle\Particle.h" />
    <ClInclude Include="base\components\pipelineState\PipeLineList.h" />
    <ClInclude Include="base\components\pipelineState\PostProcess\PostProcess.h" />
    <ClInclude Include="base\components\pipelineState\Skinning\Skinning.h" />
    <ClInclude Include="base\components\pipelineState\VAT\VAT.h" />
    <ClInclude Include="base\components\pipelineState\Standard2D\Standard2D.h" />
    <ClInclude Include="base\components\pipelineState\Standard3D\Standard3D.h" />
    <ClInclude Include="base\components\pipelineState\Vignette\Vignette.h" />
    <ClInclude Include="base\components\postEffect\PostEffect.h" />
    <ClInclude Include="base\components\renderer\Renderer.h" />
    <ClInclude Include="base\components\shaderCompiler\ShaderCompiler.h" />
    <ClInclude Include="base\components\utilities\convertString\ConvertString.h" />
    <ClInclude Include="base\components\utilities\directionalLight\DirectionalLight.h" />
    <ClInclude Include="base\components\utilities\followCamera\FollowCamera.h" />
    <ClInclude Include="base\components\utilities\pointLight\PointLight.h" />
    <ClInclude Include="base\DirectXCommon.h" />
    <ClInclude Include="base\components\2d\CreateTriangle.h" />
    <ClInclude Include="base\components\3d\CreateSphere.h" />
    <ClInclude Include="base\components\2d\CreateSprite.h" />
    <ClInclude Include="base\components\3d\Model.h" />
    <ClInclude Include="base\components\debugCamera\DebugCamera.h" />
    <ClInclude Include="externals\imgui\imconfig.h" />
    <ClInclude Include="externals\imgui\imgui.h" />
    <ClInclude Include="externals\imgui\imgui_impl_dx12.h" />
    <ClInclude Include="externals\imgui\imgui_impl_win32.h" />
    <ClInclude Include="externals\imgui\imgui_internal.h" />
    <ClInclude Include="externals\imgui\imstb_rectpack.h" />
    <ClInclude Include="externals\imgui\imstb_textedit.h" />
    <ClInclude Include="externals\imgui\imstb_truetype.h" />
    <ClInclude Include="base\components\input\Input.h" />
    <ClInclude Include="base\components\math\Matrix.h" />
    <ClInclude Include="base\components\math\MathCalculation.h" />
    <ClInclude Include="base\CJEngine.h" />
    <ClInclude Include="base\components\math\Vector.h" />
    <ClInclude Include="base\WinApp.h" />
    <ClInclude Include="project\gamedata\baseCharacter\BaseCharacter.h" />
    <ClInclude Include="project\gamedata\baseCharacter\enemy\Enemy.h" />
    <ClInclude Include="project\gamedata\baseCharacter\player\Player.h" />
    <ClInclude Include="project\gamedata\ground\Ground.h" />
    <ClInclude Include="project\gamedata\scenes\GameClearScene.h" />
    <ClInclude Include="project\gamedata\scenes\GameOverScene.h" />
    <ClInclude Include="project\gamedata\scenes\GameDemoScene.h" />
    <ClInclude Include="project\gamedata\scenes\GamePlayScene.h" />
    <ClInclude Include="project\gamedata\scenes\GameTitleScene.h" />
    <ClInclude Include="base\components\manager\SceneManager\Iscene.h" />
    <ClInclude Include="base\components\manager\SceneManager\SceneManager.h" />
    <ClInclude Include="base\components\utilities\collisionManager\Collider.h" />
    <ClInclude Include="base\components\utilities\collisionManager\CollisionConfig.h" />
    <ClInclude Include="base\components\utilities\collisionManager\CollisionManager.h" />
    <ClInclude Include="base\components\utilities\globalVariables\GlobalVariables.h" />
    <ClInclude Include="project\gamedata\resources\resource.h" />
  </ItemGroup>
  <ItemGroup>
    <ResourceCompile Include="CitrusJunosEngine.rc" />
  </ItemGroup>
  <ItemGroup>
    <Image Include="project\gamedata\resources\CitrusJunosEngine.ico" />
  </ItemGroup>
  <ItemGroup>
    <None Include="project\gamedata\resources\shaders\CopyImage.hlsli" />
    <None Include="project\gamedata\resources\shaders\Object2d.hlsli" />
    <None Include="project\gamedata\resources\shaders\Object3d.hlsli" />
    <None Include="project\gamedata\resources\shaders\Particle.hlsli" />
    <None Include="project\gamedata\resources\shaders\SkinningObject3d.hlsli" />
    <None Include="project\gamedata\resources\shaders\VAT.hlsli" />
  </ItemGroup>
  <ItemGroup>
    <Text Include="externals\imgui\LICENSE.txt" />
  </ItemGroup>
</Project>